
Microsoft Visual Studio Solution File, Format Version 12.00
# Visual Studio Version 16
VisualStudioVersion = 16.0.31019.35
MinimumVisualStudioVersion = 10.0.40219.1
Project("{FAE04EC0-301F-11D3-BF4B-00C04F79EFBC}") = "Kapatmav2", "Kapatmav2\Kapatmav2.csproj", "{5A130843-7AF3-41AD-B393-AF2D119E95D8}"
EndProject
Global
	GlobalSection(SolutionConfigurationPlatforms) = preSolution
		Debug|Any CPU = Debug|Any CPU
		Release|Any CPU = Release|Any CPU
	EndGlobalSection
	GlobalSection(ProjectConfigurationPlatforms) = postSolution
		{5A130843-7AF3-41AD-B393-AF2D119E95D8}.Debug|Any CPU.ActiveCfg = Debug|Any CPU
		{5A130843-7AF3-41AD-B393-AF2D119E95D8}.Debug|Any CPU.Build.0 = Debug|Any CPU
		{5A130843-7AF3-41AD-B393-AF2D119E95D8}.Release|Any CPU.ActiveCfg = Release|Any CPU
		{5A130843-7AF3-41AD-B393-AF2D119E95D8}.Release|Any CPU.Build.0 = Release|Any CPU
	EndGlobalSection
	GlobalSection(SolutionProperties) = preSolution
		HideSolutionNode = FALSE
	EndGlobalSection
	GlobalSection(ExtensibilityGlobals) = postSolution
		SolutionGuid = {FAD10E54-7E17-47A9-AF3C-CDF80EF10C6C}
	EndGlobalSection
EndGlobal
